
Microsoft Visual Studio Solution File, Format Version 12.00
# Visual Studio Version 17
VisualStudioVersion = 17.5.33424.131
MinimumVisualStudioVersion = 10.0.40219.1
Project("{FAE04EC0-301F-11D3-BF4B-00C04F79EFBC}") = "CityEvents", "CityEvents\CityEvents.csproj", "{3E5B6FB6-699A-4BA3-B245-51A2FC59F91B}"
EndProject
Global
	GlobalSection(SolutionConfigurationPlatforms) = preSolution
		Debug|Any CPU = Debug|Any CPU
		Release|Any CPU = Release|Any CPU
	EndGlobalSection
	GlobalSection(ProjectConfigurationPlatforms) = postSolution
		{3E5B6FB6-699A-4BA3-B245-51A2FC59F91B}.Debug|Any CPU.ActiveCfg = Debug|Any CPU
		{3E5B6FB6-699A-4BA3-B245-51A2FC59F91B}.Debug|Any CPU.Build.0 = Debug|Any CPU
		{3E5B6FB6-699A-4BA3-B245-51A2FC59F91B}.Release|Any CPU.ActiveCfg = Release|Any CPU
		{3E5B6FB6-699A-4BA3-B245-51A2FC59F91B}.Release|Any CPU.Build.0 = Release|Any CPU
	EndGlobalSection
	GlobalSection(SolutionProperties) = preSolution
		HideSolutionNode = FALSE
	EndGlobalSection
	GlobalSection(ExtensibilityGlobals) = postSolution
		SolutionGuid = {B1C8768A-0B9F-4D93-B2DD-E662C354E917}
	EndGlobalSection
EndGlobal
